
Microsoft Visual Studio Solution File, Format Version 12.00
# Visual Studio 2012
Project("{FAE04EC0-301F-11D3-BF4B-00C04F79EFBC}") = "СУБД ТВ", "WindowsFormsApplication1\СУБД ТВ.csproj", "{7C2AA91A-4D22-420B-8ADC-75706F34DC28}"
EndProject
Global
	GlobalSection(SolutionConfigurationPlatforms) = preSolution
		Debug|Any CPU = Debug|Any CPU
		Release|Any CPU = Release|Any CPU
	EndGlobalSection
	GlobalSection(ProjectConfigurationPlatforms) = postSolution
		{7C2AA91A-4D22-420B-8ADC-75706F34DC28}.Debug|Any CPU.ActiveCfg = Debug|Any CPU
		{7C2AA91A-4D22-420B-8ADC-75706F34DC28}.Debug|Any CPU.Build.0 = Debug|Any CPU
		{7C2AA91A-4D22-420B-8ADC-75706F34DC28}.Release|Any CPU.ActiveCfg = Release|Any CPU
		{7C2AA91A-4D22-420B-8ADC-75706F34DC28}.Release|Any CPU.Build.0 = Release|Any CPU
	EndGlobalSection
	GlobalSection(SolutionProperties) = preSolution
		HideSolutionNode = FALSE
	EndGlobalSection
	GlobalSection(ExtensibilityGlobals) = postSolution
		SolutionGuid = {ED572CB2-AFF9-40A9-8693-C4A51D19AB2F}
	EndGlobalSection
EndGlobal
